
Microsoft Visual Studio Solution File, Format Version 12.00
# Visual Studio Version 17
VisualStudioVersion = 17.4.33213.308
MinimumVisualStudioVersion = 10.0.40219.1
Project("{FAE04EC0-301F-11D3-BF4B-00C04F79EFBC}") = "CSharp", "CSharp\CSharp.csproj", "{9B0DFA74-3EEA-4258-B239-12998BEBA86E}"
EndProject
Global
	GlobalSection(SolutionConfigurationPlatforms) = preSolution
		Debug|Any CPU = Debug|Any CPU
		Release|Any CPU = Release|Any CPU
	EndGlobalSection
	GlobalSection(ProjectConfigurationPlatforms) = postSolution
		{9B0DFA74-3EEA-4258-B239-12998BEBA86E}.Debug|Any CPU.ActiveCfg = Debug|Any CPU
		{9B0DFA74-3EEA-4258-B239-12998BEBA86E}.Debug|Any CPU.Build.0 = Debug|Any CPU
		{9B0DFA74-3EEA-4258-B239-12998BEBA86E}.Release|Any CPU.ActiveCfg = Release|Any CPU
		{9B0DFA74-3EEA-4258-B239-12998BEBA86E}.Release|Any CPU.Build.0 = Release|Any CPU
	EndGlobalSection
	GlobalSection(SolutionProperties) = preSolution
		HideSolutionNode = FALSE
	EndGlobalSection
	GlobalSection(ExtensibilityGlobals) = postSolution
		SolutionGuid = {95DDAD3E-28CE-4A19-B182-D1BF04E37E26}
	EndGlobalSection
EndGlobal
