
Microsoft Visual Studio Solution File, Format Version 12.00
# Visual Studio Version 17
VisualStudioVersion = 17.4.33213.308
MinimumVisualStudioVersion = 10.0.40219.1
Project("{FAE04EC0-301F-11D3-BF4B-00C04F79EFBC}") = "MVC_Database_2", "MVC_Database_2\MVC_Database_2.csproj", "{F53F0339-523C-490E-9227-94B4C3BDE3D3}"
EndProject
Global
	GlobalSection(SolutionConfigurationPlatforms) = preSolution
		Debug|Any CPU = Debug|Any CPU
		Release|Any CPU = Release|Any CPU
	EndGlobalSection
	GlobalSection(ProjectConfigurationPlatforms) = postSolution
		{F53F0339-523C-490E-9227-94B4C3BDE3D3}.Debug|Any CPU.ActiveCfg = Debug|Any CPU
		{F53F0339-523C-490E-9227-94B4C3BDE3D3}.Debug|Any CPU.Build.0 = Debug|Any CPU
		{F53F0339-523C-490E-9227-94B4C3BDE3D3}.Release|Any CPU.ActiveCfg = Release|Any CPU
		{F53F0339-523C-490E-9227-94B4C3BDE3D3}.Release|Any CPU.Build.0 = Release|Any CPU
	EndGlobalSection
	GlobalSection(SolutionProperties) = preSolution
		HideSolutionNode = FALSE
	EndGlobalSection
	GlobalSection(ExtensibilityGlobals) = postSolution
		SolutionGuid = {F9B9313A-9AB3-4F51-8B18-C104D2AD3C34}
	EndGlobalSection
EndGlobal
