
Microsoft Visual Studio Solution File, Format Version 12.00
# Visual Studio Version 17
VisualStudioVersion = 17.4.33213.308
MinimumVisualStudioVersion = 10.0.40219.1
Project("{FAE04EC0-301F-11D3-BF4B-00C04F79EFBC}") = "MVC_Database", "MVC_Database\MVC_Database.csproj", "{ED34C307-40CC-4751-ABFD-BE9B9DBB097F}"
EndProject
Global
	GlobalSection(SolutionConfigurationPlatforms) = preSolution
		Debug|Any CPU = Debug|Any CPU
		Release|Any CPU = Release|Any CPU
	EndGlobalSection
	GlobalSection(ProjectConfigurationPlatforms) = postSolution
		{ED34C307-40CC-4751-ABFD-BE9B9DBB097F}.Debug|Any CPU.ActiveCfg = Debug|Any CPU
		{ED34C307-40CC-4751-ABFD-BE9B9DBB097F}.Debug|Any CPU.Build.0 = Debug|Any CPU
		{ED34C307-40CC-4751-ABFD-BE9B9DBB097F}.Release|Any CPU.ActiveCfg = Release|Any CPU
		{ED34C307-40CC-4751-ABFD-BE9B9DBB097F}.Release|Any CPU.Build.0 = Release|Any CPU
	EndGlobalSection
	GlobalSection(SolutionProperties) = preSolution
		HideSolutionNode = FALSE
	EndGlobalSection
	GlobalSection(ExtensibilityGlobals) = postSolution
		SolutionGuid = {F3F9D9E7-91C8-4895-99B4-E92871CD7AB8}
	EndGlobalSection
EndGlobal
