
Microsoft Visual Studio Solution File, Format Version 12.00
# Visual Studio Version 17
VisualStudioVersion = 17.4.33213.308
MinimumVisualStudioVersion = 10.0.40219.1
Project("{FAE04EC0-301F-11D3-BF4B-00C04F79EFBC}") = "27-mar-2023", "27-mar-2023\27-mar-2023.csproj", "{4E5ABF7E-6CBA-4D10-B4DA-DB0CAC5CCD36}"
EndProject
Project("{FAE04EC0-301F-11D3-BF4B-00C04F79EFBC}") = "figure geometriche", "figure geometriche\figure geometriche.csproj", "{C6694CD0-AECF-4368-B9EE-C1F71FF75DF1}"
EndProject
Global
	GlobalSection(SolutionConfigurationPlatforms) = preSolution
		Debug|Any CPU = Debug|Any CPU
		Release|Any CPU = Release|Any CPU
	EndGlobalSection
	GlobalSection(ProjectConfigurationPlatforms) = postSolution
		{4E5ABF7E-6CBA-4D10-B4DA-DB0CAC5CCD36}.Debug|Any CPU.ActiveCfg = Debug|Any CPU
		{4E5ABF7E-6CBA-4D10-B4DA-DB0CAC5CCD36}.Debug|Any CPU.Build.0 = Debug|Any CPU
		{4E5ABF7E-6CBA-4D10-B4DA-DB0CAC5CCD36}.Release|Any CPU.ActiveCfg = Release|Any CPU
		{4E5ABF7E-6CBA-4D10-B4DA-DB0CAC5CCD36}.Release|Any CPU.Build.0 = Release|Any CPU
		{C6694CD0-AECF-4368-B9EE-C1F71FF75DF1}.Debug|Any CPU.ActiveCfg = Debug|Any CPU
		{C6694CD0-AECF-4368-B9EE-C1F71FF75DF1}.Debug|Any CPU.Build.0 = Debug|Any CPU
		{C6694CD0-AECF-4368-B9EE-C1F71FF75DF1}.Release|Any CPU.ActiveCfg = Release|Any CPU
		{C6694CD0-AECF-4368-B9EE-C1F71FF75DF1}.Release|Any CPU.Build.0 = Release|Any CPU
	EndGlobalSection
	GlobalSection(SolutionProperties) = preSolution
		HideSolutionNode = FALSE
	EndGlobalSection
	GlobalSection(ExtensibilityGlobals) = postSolution
		SolutionGuid = {C8C6DF51-B8A0-4503-B397-F8BC436FB2B6}
	EndGlobalSection
EndGlobal
