
Microsoft Visual Studio Solution File, Format Version 12.00
# Visual Studio Version 17
VisualStudioVersion = 17.5.33502.453
MinimumVisualStudioVersion = 10.0.40219.1
Project("{FAE04EC0-301F-11D3-BF4B-00C04F79EFBC}") = "GuiCatalogo", "GuiCatalogo\GuiCatalogo.csproj", "{D71E40A6-A3B8-44DC-98A6-2FCFF2FAE2C4}"
EndProject
Global
	GlobalSection(SolutionConfigurationPlatforms) = preSolution
		Debug|Any CPU = Debug|Any CPU
		Release|Any CPU = Release|Any CPU
	EndGlobalSection
	GlobalSection(ProjectConfigurationPlatforms) = postSolution
		{D71E40A6-A3B8-44DC-98A6-2FCFF2FAE2C4}.Debug|Any CPU.ActiveCfg = Debug|Any CPU
		{D71E40A6-A3B8-44DC-98A6-2FCFF2FAE2C4}.Debug|Any CPU.Build.0 = Debug|Any CPU
		{D71E40A6-A3B8-44DC-98A6-2FCFF2FAE2C4}.Release|Any CPU.ActiveCfg = Release|Any CPU
		{D71E40A6-A3B8-44DC-98A6-2FCFF2FAE2C4}.Release|Any CPU.Build.0 = Release|Any CPU
	EndGlobalSection
	GlobalSection(SolutionProperties) = preSolution
		HideSolutionNode = FALSE
	EndGlobalSection
	GlobalSection(ExtensibilityGlobals) = postSolution
		SolutionGuid = {5E15BD92-C479-4F80-8B2D-605622E2CAE9}
	EndGlobalSection
EndGlobal
