
Microsoft Visual Studio Solution File, Format Version 12.00
# Visual Studio Version 17
VisualStudioVersion = 17.4.33213.308
MinimumVisualStudioVersion = 10.0.40219.1
Project("{FAE04EC0-301F-11D3-BF4B-00C04F79EFBC}") = "Pacchiotti_Marco_Esercitazione2", "Pacchiotti_Marco_Esercitazione2\Pacchiotti_Marco_Esercitazione2.csproj", "{62B10F11-AA89-40A8-8A7D-6B5F0927A7D8}"
EndProject
Global
	GlobalSection(SolutionConfigurationPlatforms) = preSolution
		Debug|Any CPU = Debug|Any CPU
		Release|Any CPU = Release|Any CPU
	EndGlobalSection
	GlobalSection(ProjectConfigurationPlatforms) = postSolution
		{62B10F11-AA89-40A8-8A7D-6B5F0927A7D8}.Debug|Any CPU.ActiveCfg = Debug|Any CPU
		{62B10F11-AA89-40A8-8A7D-6B5F0927A7D8}.Debug|Any CPU.Build.0 = Debug|Any CPU
		{62B10F11-AA89-40A8-8A7D-6B5F0927A7D8}.Release|Any CPU.ActiveCfg = Release|Any CPU
		{62B10F11-AA89-40A8-8A7D-6B5F0927A7D8}.Release|Any CPU.Build.0 = Release|Any CPU
	EndGlobalSection
	GlobalSection(SolutionProperties) = preSolution
		HideSolutionNode = FALSE
	EndGlobalSection
	GlobalSection(ExtensibilityGlobals) = postSolution
		SolutionGuid = {E03020CB-7DDF-4B81-B7BA-7D4DC72B6144}
	EndGlobalSection
EndGlobal
