
Microsoft Visual Studio Solution File, Format Version 12.00
# Visual Studio Version 17
VisualStudioVersion = 17.6.33801.468
MinimumVisualStudioVersion = 10.0.40219.1
Project("{FAE04EC0-301F-11D3-BF4B-00C04F79EFBC}") = "Ludoteca", "Ludoteca\Ludoteca.csproj", "{985A7F14-CD52-419A-8131-720D0C0FC0AE}"
EndProject
Global
	GlobalSection(SolutionConfigurationPlatforms) = preSolution
		Debug|Any CPU = Debug|Any CPU
		Release|Any CPU = Release|Any CPU
	EndGlobalSection
	GlobalSection(ProjectConfigurationPlatforms) = postSolution
		{985A7F14-CD52-419A-8131-720D0C0FC0AE}.Debug|Any CPU.ActiveCfg = Debug|Any CPU
		{985A7F14-CD52-419A-8131-720D0C0FC0AE}.Debug|Any CPU.Build.0 = Debug|Any CPU
		{985A7F14-CD52-419A-8131-720D0C0FC0AE}.Release|Any CPU.ActiveCfg = Release|Any CPU
		{985A7F14-CD52-419A-8131-720D0C0FC0AE}.Release|Any CPU.Build.0 = Release|Any CPU
	EndGlobalSection
	GlobalSection(SolutionProperties) = preSolution
		HideSolutionNode = FALSE
	EndGlobalSection
	GlobalSection(ExtensibilityGlobals) = postSolution
		SolutionGuid = {5EAF045D-2D67-41D8-9E1B-65420508B91B}
	EndGlobalSection
EndGlobal
