
Microsoft Visual Studio Solution File, Format Version 12.00
# Visual Studio Version 17
VisualStudioVersion = 17.4.33213.308
MinimumVisualStudioVersion = 10.0.40219.1
Project("{FAE04EC0-301F-11D3-BF4B-00C04F79EFBC}") = "6_aprile_BICT_Csharp", "6_aprile_BICT_Csharp\6_aprile_BICT_Csharp.csproj", "{CC43509D-1686-436C-BE47-626E8E35242F}"
EndProject
Project("{FAE04EC0-301F-11D3-BF4B-00C04F79EFBC}") = "Quadrilateri", "quadrilateri\Quadrilateri.csproj", "{A1ACFE66-A00A-4465-B858-FC5B26B9D358}"
EndProject
Project("{FAE04EC0-301F-11D3-BF4B-00C04F79EFBC}") = "Solidi", "Solidi\Solidi.csproj", "{AA817FEA-C785-4D18-AA41-F0B2955DFB71}"
EndProject
Global
	GlobalSection(SolutionConfigurationPlatforms) = preSolution
		Debug|Any CPU = Debug|Any CPU
		Release|Any CPU = Release|Any CPU
	EndGlobalSection
	GlobalSection(ProjectConfigurationPlatforms) = postSolution
		{CC43509D-1686-436C-BE47-626E8E35242F}.Debug|Any CPU.ActiveCfg = Debug|Any CPU
		{CC43509D-1686-436C-BE47-626E8E35242F}.Debug|Any CPU.Build.0 = Debug|Any CPU
		{CC43509D-1686-436C-BE47-626E8E35242F}.Release|Any CPU.ActiveCfg = Release|Any CPU
		{CC43509D-1686-436C-BE47-626E8E35242F}.Release|Any CPU.Build.0 = Release|Any CPU
		{A1ACFE66-A00A-4465-B858-FC5B26B9D358}.Debug|Any CPU.ActiveCfg = Debug|Any CPU
		{A1ACFE66-A00A-4465-B858-FC5B26B9D358}.Debug|Any CPU.Build.0 = Debug|Any CPU
		{A1ACFE66-A00A-4465-B858-FC5B26B9D358}.Release|Any CPU.ActiveCfg = Release|Any CPU
		{A1ACFE66-A00A-4465-B858-FC5B26B9D358}.Release|Any CPU.Build.0 = Release|Any CPU
		{AA817FEA-C785-4D18-AA41-F0B2955DFB71}.Debug|Any CPU.ActiveCfg = Debug|Any CPU
		{AA817FEA-C785-4D18-AA41-F0B2955DFB71}.Debug|Any CPU.Build.0 = Debug|Any CPU
		{AA817FEA-C785-4D18-AA41-F0B2955DFB71}.Release|Any CPU.ActiveCfg = Release|Any CPU
		{AA817FEA-C785-4D18-AA41-F0B2955DFB71}.Release|Any CPU.Build.0 = Release|Any CPU
	EndGlobalSection
	GlobalSection(SolutionProperties) = preSolution
		HideSolutionNode = FALSE
	EndGlobalSection
	GlobalSection(ExtensibilityGlobals) = postSolution
		SolutionGuid = {350A5D9E-5CC4-4581-A5A2-79228268FC9C}
	EndGlobalSection
EndGlobal
