
Microsoft Visual Studio Solution File, Format Version 12.00
# Visual Studio Version 17
VisualStudioVersion = 17.4.33213.308
MinimumVisualStudioVersion = 10.0.40219.1
Project("{FAE04EC0-301F-11D3-BF4B-00C04F79EFBC}") = "VenditaProdotti", "VenditaProdotti\VenditaProdotti.csproj", "{D5BE97EA-2BDA-4B0F-9AD9-82C1B8FE71FC}"
EndProject
Global
	GlobalSection(SolutionConfigurationPlatforms) = preSolution
		Debug|Any CPU = Debug|Any CPU
		Release|Any CPU = Release|Any CPU
	EndGlobalSection
	GlobalSection(ProjectConfigurationPlatforms) = postSolution
		{D5BE97EA-2BDA-4B0F-9AD9-82C1B8FE71FC}.Debug|Any CPU.ActiveCfg = Debug|Any CPU
		{D5BE97EA-2BDA-4B0F-9AD9-82C1B8FE71FC}.Debug|Any CPU.Build.0 = Debug|Any CPU
		{D5BE97EA-2BDA-4B0F-9AD9-82C1B8FE71FC}.Release|Any CPU.ActiveCfg = Release|Any CPU
		{D5BE97EA-2BDA-4B0F-9AD9-82C1B8FE71FC}.Release|Any CPU.Build.0 = Release|Any CPU
	EndGlobalSection
	GlobalSection(SolutionProperties) = preSolution
		HideSolutionNode = FALSE
	EndGlobalSection
	GlobalSection(ExtensibilityGlobals) = postSolution
		SolutionGuid = {F7753D64-0E74-436A-B27E-118391D6D92A}
	EndGlobalSection
EndGlobal
