
Microsoft Visual Studio Solution File, Format Version 12.00
# Visual Studio Version 17
VisualStudioVersion = 17.4.33213.308
MinimumVisualStudioVersion = 10.0.40219.1
Project("{9A19103F-16F7-4668-BE54-9A1E7A4F7556}") = "somma", "somma\somma.csproj", "{BC00FFF5-A8FB-4898-8B5F-7DA374D9E209}"
EndProject
Project("{9A19103F-16F7-4668-BE54-9A1E7A4F7556}") = "Divisione", "Divisione\Divisione.csproj", "{27962AE6-41FF-4482-84C2-0800EF37FD15}"
EndProject
Project("{9A19103F-16F7-4668-BE54-9A1E7A4F7556}") = "PrezzoQuantitaSconto", "PrezzoQuantitaSconto\PrezzoQuantitaSconto.csproj", "{ABB184B0-82DC-47C8-83CE-FDE093318B3A}"
EndProject
Project("{FAE04EC0-301F-11D3-BF4B-00C04F79EFBC}") = "CaratereToAscii", "CaratereToAscii\CaratereToAscii.csproj", "{30123A84-88A5-4283-9F5F-3CDF814E0181}"
EndProject
Project("{2150E333-8FDC-42A3-9474-1A3956D46DE8}") = "ArrayInteri", "ArrayInteri", "{3C664431-8E10-43AA-86E5-754A0AA0B2DC}"
EndProject
Project("{FAE04EC0-301F-11D3-BF4B-00C04F79EFBC}") = "array", "array\array.csproj", "{1BED4D33-F2D8-4BF0-9CE3-E5E996E836E2}"
EndProject
Project("{FAE04EC0-301F-11D3-BF4B-00C04F79EFBC}") = "arraystr", "arraystr\arraystr.csproj", "{824AAE03-2C28-42BE-921C-A4910E7DEB54}"
EndProject
Project("{FAE04EC0-301F-11D3-BF4B-00C04F79EFBC}") = "ArrayRandomInfSup", "ArrayRandomInfSup\ArrayRandomInfSup.csproj", "{17FD3B8D-3014-4771-97F6-81E1E18EC910}"
EndProject
Project("{FAE04EC0-301F-11D3-BF4B-00C04F79EFBC}") = "enalotto", "enalotto\enalotto.csproj", "{8DB89551-224E-4AB3-A51C-1D55295ACA32}"
EndProject
Project("{FAE04EC0-301F-11D3-BF4B-00C04F79EFBC}") = "Matrici", "Matrici\Matrici.csproj", "{25592C78-80AC-4B02-8755-DB65E36782A4}"
EndProject
Global
	GlobalSection(SolutionConfigurationPlatforms) = preSolution
		Debug|Any CPU = Debug|Any CPU
		Release|Any CPU = Release|Any CPU
	EndGlobalSection
	GlobalSection(ProjectConfigurationPlatforms) = postSolution
		{BC00FFF5-A8FB-4898-8B5F-7DA374D9E209}.Debug|Any CPU.ActiveCfg = Debug|Any CPU
		{BC00FFF5-A8FB-4898-8B5F-7DA374D9E209}.Debug|Any CPU.Build.0 = Debug|Any CPU
		{BC00FFF5-A8FB-4898-8B5F-7DA374D9E209}.Release|Any CPU.ActiveCfg = Release|Any CPU
		{BC00FFF5-A8FB-4898-8B5F-7DA374D9E209}.Release|Any CPU.Build.0 = Release|Any CPU
		{27962AE6-41FF-4482-84C2-0800EF37FD15}.Debug|Any CPU.ActiveCfg = Debug|Any CPU
		{27962AE6-41FF-4482-84C2-0800EF37FD15}.Debug|Any CPU.Build.0 = Debug|Any CPU
		{27962AE6-41FF-4482-84C2-0800EF37FD15}.Release|Any CPU.ActiveCfg = Release|Any CPU
		{27962AE6-41FF-4482-84C2-0800EF37FD15}.Release|Any CPU.Build.0 = Release|Any CPU
		{ABB184B0-82DC-47C8-83CE-FDE093318B3A}.Debug|Any CPU.ActiveCfg = Debug|Any CPU
		{ABB184B0-82DC-47C8-83CE-FDE093318B3A}.Debug|Any CPU.Build.0 = Debug|Any CPU
		{ABB184B0-82DC-47C8-83CE-FDE093318B3A}.Release|Any CPU.ActiveCfg = Release|Any CPU
		{ABB184B0-82DC-47C8-83CE-FDE093318B3A}.Release|Any CPU.Build.0 = Release|Any CPU
		{30123A84-88A5-4283-9F5F-3CDF814E0181}.Debug|Any CPU.ActiveCfg = Debug|Any CPU
		{30123A84-88A5-4283-9F5F-3CDF814E0181}.Debug|Any CPU.Build.0 = Debug|Any CPU
		{30123A84-88A5-4283-9F5F-3CDF814E0181}.Release|Any CPU.ActiveCfg = Release|Any CPU
		{30123A84-88A5-4283-9F5F-3CDF814E0181}.Release|Any CPU.Build.0 = Release|Any CPU
		{1BED4D33-F2D8-4BF0-9CE3-E5E996E836E2}.Debug|Any CPU.ActiveCfg = Debug|Any CPU
		{1BED4D33-F2D8-4BF0-9CE3-E5E996E836E2}.Debug|Any CPU.Build.0 = Debug|Any CPU
		{1BED4D33-F2D8-4BF0-9CE3-E5E996E836E2}.Release|Any CPU.ActiveCfg = Release|Any CPU
		{1BED4D33-F2D8-4BF0-9CE3-E5E996E836E2}.Release|Any CPU.Build.0 = Release|Any CPU
		{824AAE03-2C28-42BE-921C-A4910E7DEB54}.Debug|Any CPU.ActiveCfg = Debug|Any CPU
		{824AAE03-2C28-42BE-921C-A4910E7DEB54}.Debug|Any CPU.Build.0 = Debug|Any CPU
		{824AAE03-2C28-42BE-921C-A4910E7DEB54}.Release|Any CPU.ActiveCfg = Release|Any CPU
		{824AAE03-2C28-42BE-921C-A4910E7DEB54}.Release|Any CPU.Build.0 = Release|Any CPU
		{17FD3B8D-3014-4771-97F6-81E1E18EC910}.Debug|Any CPU.ActiveCfg = Debug|Any CPU
		{17FD3B8D-3014-4771-97F6-81E1E18EC910}.Debug|Any CPU.Build.0 = Debug|Any CPU
		{17FD3B8D-3014-4771-97F6-81E1E18EC910}.Release|Any CPU.ActiveCfg = Release|Any CPU
		{17FD3B8D-3014-4771-97F6-81E1E18EC910}.Release|Any CPU.Build.0 = Release|Any CPU
		{8DB89551-224E-4AB3-A51C-1D55295ACA32}.Debug|Any CPU.ActiveCfg = Debug|Any CPU
		{8DB89551-224E-4AB3-A51C-1D55295ACA32}.Debug|Any CPU.Build.0 = Debug|Any CPU
		{8DB89551-224E-4AB3-A51C-1D55295ACA32}.Release|Any CPU.ActiveCfg = Release|Any CPU
		{8DB89551-224E-4AB3-A51C-1D55295ACA32}.Release|Any CPU.Build.0 = Release|Any CPU
		{25592C78-80AC-4B02-8755-DB65E36782A4}.Debug|Any CPU.ActiveCfg = Debug|Any CPU
		{25592C78-80AC-4B02-8755-DB65E36782A4}.Debug|Any CPU.Build.0 = Debug|Any CPU
		{25592C78-80AC-4B02-8755-DB65E36782A4}.Release|Any CPU.ActiveCfg = Release|Any CPU
		{25592C78-80AC-4B02-8755-DB65E36782A4}.Release|Any CPU.Build.0 = Release|Any CPU
	EndGlobalSection
	GlobalSection(SolutionProperties) = preSolution
		HideSolutionNode = FALSE
	EndGlobalSection
	GlobalSection(NestedProjects) = preSolution
		{1BED4D33-F2D8-4BF0-9CE3-E5E996E836E2} = {3C664431-8E10-43AA-86E5-754A0AA0B2DC}
		{824AAE03-2C28-42BE-921C-A4910E7DEB54} = {3C664431-8E10-43AA-86E5-754A0AA0B2DC}
		{17FD3B8D-3014-4771-97F6-81E1E18EC910} = {3C664431-8E10-43AA-86E5-754A0AA0B2DC}
		{8DB89551-224E-4AB3-A51C-1D55295ACA32} = {3C664431-8E10-43AA-86E5-754A0AA0B2DC}
	EndGlobalSection
	GlobalSection(ExtensibilityGlobals) = postSolution
		SolutionGuid = {38CD2FC0-10D2-41A1-95C9-943BE071F053}
	EndGlobalSection
EndGlobal
