
Microsoft Visual Studio Solution File, Format Version 12.00
# Visual Studio Version 17
VisualStudioVersion = 17.4.33213.308
MinimumVisualStudioVersion = 10.0.40219.1
Project("{FAE04EC0-301F-11D3-BF4B-00C04F79EFBC}") = "GUI", "GUI\GUI.csproj", "{4A94AE0D-44EA-4334-A450-B14BA14C0859}"
EndProject
Project("{FAE04EC0-301F-11D3-BF4B-00C04F79EFBC}") = "Gui Quadrato.net", "Gui Quadrato.net\Gui Quadrato.net.csproj", "{9FE27593-3D21-48BD-9CAB-59436770791B}"
EndProject
Global
	GlobalSection(SolutionConfigurationPlatforms) = preSolution
		Debug|Any CPU = Debug|Any CPU
		Release|Any CPU = Release|Any CPU
	EndGlobalSection
	GlobalSection(ProjectConfigurationPlatforms) = postSolution
		{4A94AE0D-44EA-4334-A450-B14BA14C0859}.Debug|Any CPU.ActiveCfg = Debug|Any CPU
		{4A94AE0D-44EA-4334-A450-B14BA14C0859}.Debug|Any CPU.Build.0 = Debug|Any CPU
		{4A94AE0D-44EA-4334-A450-B14BA14C0859}.Release|Any CPU.ActiveCfg = Release|Any CPU
		{4A94AE0D-44EA-4334-A450-B14BA14C0859}.Release|Any CPU.Build.0 = Release|Any CPU
		{9FE27593-3D21-48BD-9CAB-59436770791B}.Debug|Any CPU.ActiveCfg = Debug|Any CPU
		{9FE27593-3D21-48BD-9CAB-59436770791B}.Debug|Any CPU.Build.0 = Debug|Any CPU
		{9FE27593-3D21-48BD-9CAB-59436770791B}.Release|Any CPU.ActiveCfg = Release|Any CPU
		{9FE27593-3D21-48BD-9CAB-59436770791B}.Release|Any CPU.Build.0 = Release|Any CPU
	EndGlobalSection
	GlobalSection(SolutionProperties) = preSolution
		HideSolutionNode = FALSE
	EndGlobalSection
	GlobalSection(ExtensibilityGlobals) = postSolution
		SolutionGuid = {382E69A1-A6AE-45BF-BA75-AF01406E18C3}
	EndGlobalSection
EndGlobal
